{
  "version": 4,
  "terraform_version": "0.15.4",
  "serial": 106,
  "lineage": "6ff4e86a-645f-e718-ec5a-61d29e716d10",
  "outputs": {},
  "resources": [
    {
      "mode": "data",
      "type": "aws_s3_bucket",
      "name": "s3",
      "provider": "provider[\"registry.terraform.io/hashicorp/aws\"]",
      "instances": [
        {
          "schema_version": 0,
          "attributes": {
            "arn": "arn:aws:s3:::a205923-thrinadh-temp",
            "bucket": "a205923-thrinadh-temp",
            "bucket_domain_name": "a205923-thrinadh-temp.s3.amazonaws.com",
            "bucket_regional_domain_name": "a205923-thrinadh-temp.s3.amazonaws.com",
            "hosted_zone_id": "Z3AQBSTGFYJSTF",
            "id": "a205923-thrinadh-temp",
            "region": "us-east-1",
            "website_domain": null,
            "website_endpoint": null
          },
          "sensitive_attributes": []
        }
      ]
    },
    {
      "mode": "managed",
      "type": "aws_codebuild_project",
      "name": "a205923-u6111359-tf-poc",
      "provider": "provider[\"registry.terraform.io/hashicorp/aws\"]",
      "instances": [
        {
          "schema_version": 0,
          "attributes": {
            "arn": "arn:aws:codebuild:us-east-1:818565325759:project/a205923-u6111359-tf-poc",
            "artifacts": [
              {
                "artifact_identifier": "",
                "encryption_disabled": false,
                "location": "a205923-thrinadh-codbuild",
                "name": "a205923-u6111359-tf-poc",
                "namespace_type": "NONE",
                "override_artifact_name": false,
                "packaging": "NONE",
                "path": "",
                "type": "S3"
              }
            ],
            "badge_enabled": false,
            "badge_url": "",
            "build_batch_config": [],
            "build_timeout": 60,
            "cache": [
              {
                "location": "",
                "modes": [],
                "type": "NO_CACHE"
              }
            ],
            "concurrent_build_limit": 0,
            "description": "test_codebuild_project",
            "encryption_key": "arn:aws:kms:us-east-1:818565325759:alias/aws/s3",
            "environment": [
              {
                "certificate": "",
                "compute_type": "BUILD_GENERAL1_SMALL",
                "environment_variable": [],
                "image": "aws/codebuild/amazonlinux2-x86_64-standard:2.0",
                "image_pull_credentials_type": "CODEBUILD",
                "privileged_mode": false,
                "registry_credential": [],
                "type": "LINUX_CONTAINER"
              }
            ],
            "file_system_locations": [],
            "id": "arn:aws:codebuild:us-east-1:818565325759:project/a205923-u6111359-tf-poc",
            "logs_config": [
              {
                "cloudwatch_logs": [
                  {
                    "group_name": "log-group",
                    "status": "ENABLED",
                    "stream_name": "log-stream"
                  }
                ],
                "s3_logs": [
                  {
                    "encryption_disabled": false,
                    "location": "a205923-thrinadh-codbuild/build-log",
                    "status": "ENABLED"
                  }
                ]
              }
            ],
            "name": "a205923-u6111359-tf-poc",
            "queued_timeout": 480,
            "secondary_artifacts": [],
            "secondary_sources": [],
            "service_role": "arn:aws:iam::818565325759:role/a205923-tf-poc-codebuild",
            "source": [
              {
                "auth": [],
                "build_status_config": [],
                "buildspec": "",
                "git_clone_depth": 0,
                "git_submodules_config": [],
                "insecure_ssl": false,
                "location": "a205923-thrinadh-temp/anzu/",
                "report_build_status": false,
                "type": "S3"
              }
            ],
            "source_version": "",
            "tags": {
              "tr:application-asset-insight-id": "205923",
              "tr:environment-name": "tf-poc",
              "tr:financial-identifier": "66497",
              "tr:project-name": "akkadia-u6111359"
            },
            "tags_all": {
              "tr:application-asset-insight-id": "205923",
              "tr:environment-name": "tf-poc",
              "tr:financial-identifier": "66497",
              "tr:project-name": "akkadia-u6111359"
            },
            "vpc_config": []
          },
          "sensitive_attributes": [],
          "private": "bnVsbA==",
          "dependencies": [
            "aws_iam_role.a205923-tf-poc-codebuild",
            "aws_s3_bucket.a205923-thrinadh-codbuild",
            "data.aws_s3_bucket.s3"
          ]
        }
      ]
    },
    {
      "mode": "managed",
      "type": "aws_iam_role",
      "name": "a205923-tf-poc-codebuild",
      "provider": "provider[\"registry.terraform.io/hashicorp/aws\"]",
      "instances": [
        {
          "schema_version": 0,
          "attributes": {
            "arn": "arn:aws:iam::818565325759:role/a205923-tf-poc-codebuild",
            "assume_role_policy": "{\"Version\":\"2012-10-17\",\"Statement\":[{\"Effect\":\"Allow\",\"Principal\":{\"Service\":\"codebuild.amazonaws.com\"},\"Action\":\"sts:AssumeRole\"}]}",
            "create_date": "2021-06-22T06:44:41Z",
            "description": "",
            "force_detach_policies": false,
            "id": "a205923-tf-poc-codebuild",
            "inline_policy": [
              {
                "name": "",
                "policy": ""
              }
            ],
            "managed_policy_arns": [
              "arn:aws:iam::818565325759:policy/service-role/CodeBuildBasePolicy-a205923-u6111359-tf-poc-us-east-1",
              "arn:aws:iam::818565325759:policy/service-role/CodeBuildS3ReadOnlyPolicy-a205923-u6111359-tf-poc-us-east-1",
              "arn:aws:iam::aws:policy/AmazonEC2ContainerRegistryFullAccess",
              "arn:aws:iam::aws:policy/AmazonECS_FullAccess",
              "arn:aws:iam::aws:policy/AmazonS3FullAccess",
              "arn:aws:iam::aws:policy/CloudWatchFullAccess"
            ],
            "max_session_duration": 3600,
            "name": "a205923-tf-poc-codebuild",
            "name_prefix": null,
            "path": "/",
            "permissions_boundary": "arn:aws:iam::818565325759:policy/tr-permission-boundary",
            "tags": {},
            "tags_all": {},
            "unique_id": "AROA35FSLUO77B5KQ6HNP"
          },
          "sensitive_attributes": [],
          "private": "bnVsbA=="
        }
      ]
    },
    {
      "mode": "managed",
      "type": "aws_iam_role_policy_attachment",
      "name": "cloudwatch",
      "provider": "provider[\"registry.terraform.io/hashicorp/aws\"]",
      "instances": [
        {
          "schema_version": 0,
          "attributes": {
            "id": "a205923-tf-poc-codebuild-20210622133543570700000001",
            "policy_arn": "arn:aws:iam::aws:policy/CloudWatchFullAccess",
            "role": "a205923-tf-poc-codebuild"
          },
          "sensitive_attributes": [],
          "private": "bnVsbA==",
          "dependencies": [
            "aws_iam_role.a205923-tf-poc-codebuild"
          ]
        }
      ]
    },
    {
      "mode": "managed",
      "type": "aws_iam_role_policy_attachment",
      "name": "ecs",
      "provider": "provider[\"registry.terraform.io/hashicorp/aws\"]",
      "instances": [
        {
          "schema_version": 0,
          "attributes": {
            "id": "a205923-tf-poc-codebuild-20210622133543629000000003",
            "policy_arn": "arn:aws:iam::aws:policy/AmazonECS_FullAccess",
            "role": "a205923-tf-poc-codebuild"
          },
          "sensitive_attributes": [],
          "private": "bnVsbA==",
          "dependencies": [
            "aws_iam_role.a205923-tf-poc-codebuild"
          ]
        }
      ]
    },
    {
      "mode": "managed",
      "type": "aws_iam_role_policy_attachment",
      "name": "ect",
      "provider": "provider[\"registry.terraform.io/hashicorp/aws\"]",
      "instances": [
        {
          "schema_version": 0,
          "attributes": {
            "id": "a205923-tf-poc-codebuild-20210622143627889700000001",
            "policy_arn": "arn:aws:iam::aws:policy/AmazonEC2ContainerRegistryFullAccess",
            "role": "a205923-tf-poc-codebuild"
          },
          "sensitive_attributes": [],
          "private": "bnVsbA==",
          "dependencies": [
            "aws_iam_role.a205923-tf-poc-codebuild"
          ]
        }
      ]
    },
    {
      "mode": "managed",
      "type": "aws_iam_role_policy_attachment",
      "name": "s3",
      "provider": "provider[\"registry.terraform.io/hashicorp/aws\"]",
      "instances": [
        {
          "schema_version": 0,
          "attributes": {
            "id": "a205923-tf-poc-codebuild-20210622133543604500000002",
            "policy_arn": "arn:aws:iam::aws:policy/AmazonS3FullAccess",
            "role": "a205923-tf-poc-codebuild"
          },
          "sensitive_attributes": [],
          "private": "bnVsbA==",
          "dependencies": [
            "aws_iam_role.a205923-tf-poc-codebuild"
          ]
        }
      ]
    },
    {
      "mode": "managed",
      "type": "aws_s3_bucket",
      "name": "a205923-thrinadh-codbuild",
      "provider": "provider[\"registry.terraform.io/hashicorp/aws\"]",
      "instances": [
        {
          "schema_version": 0,
          "attributes": {
            "acceleration_status": "",
            "acl": "private",
            "arn": "arn:aws:s3:::a205923-thrinadh-codbuild",
            "bucket": "a205923-thrinadh-codbuild",
            "bucket_domain_name": "a205923-thrinadh-codbuild.s3.amazonaws.com",
            "bucket_prefix": null,
            "bucket_regional_domain_name": "a205923-thrinadh-codbuild.s3.amazonaws.com",
            "cors_rule": [],
            "force_destroy": false,
            "grant": [],
            "hosted_zone_id": "Z3AQBSTGFYJSTF",
            "id": "a205923-thrinadh-codbuild",
            "lifecycle_rule": [],
            "logging": [],
            "object_lock_configuration": [],
            "policy": null,
            "region": "us-east-1",
            "replication_configuration": [],
            "request_payer": "BucketOwner",
            "server_side_encryption_configuration": [],
            "tags": {
              "tr:application-asset-insight-id": "205923",
              "tr:environment-name": "tf-poc",
              "tr:financial-identifier": "66497",
              "tr:project-name": "akkadia-u6111359"
            },
            "tags_all": {
              "tr:application-asset-insight-id": "205923",
              "tr:environment-name": "tf-poc",
              "tr:financial-identifier": "66497",
              "tr:project-name": "akkadia-u6111359"
            },
            "versioning": [
              {
                "enabled": false,
                "mfa_delete": false
              }
            ],
            "website": [],
            "website_domain": null,
            "website_endpoint": null
          },
          "sensitive_attributes": [],
          "private": "bnVsbA=="
        }
      ]
    }
  ]
}
